
Microsoft Visual Studio Solution File, Format Version 12.00
# Visual Studio Version 17
VisualStudioVersion = 17.0.32014.148
MinimumVisualStudioVersion = 10.0.40219.1
Project("{FAE04EC0-301F-11D3-BF4B-00C04F79EFBC}") = "0305", "0305.csproj", "{94598DDA-6705-43DF-B673-7646773E57D2}"
EndProject
Global
	GlobalSection(SolutionConfigurationPlatforms) = preSolution
		Debug|Any CPU = Debug|Any CPU
		Release|Any CPU = Release|Any CPU
	EndGlobalSection
	GlobalSection(ProjectConfigurationPlatforms) = postSolution
		{94598DDA-6705-43DF-B673-7646773E57D2}.Debug|Any CPU.ActiveCfg = Debug|Any CPU
		{94598DDA-6705-43DF-B673-7646773E57D2}.Debug|Any CPU.Build.0 = Debug|Any CPU
		{94598DDA-6705-43DF-B673-7646773E57D2}.Release|Any CPU.ActiveCfg = Release|Any CPU
		{94598DDA-6705-43DF-B673-7646773E57D2}.Release|Any CPU.Build.0 = Release|Any CPU
	EndGlobalSection
	GlobalSection(SolutionProperties) = preSolution
		HideSolutionNode = FALSE
	EndGlobalSection
	GlobalSection(ExtensibilityGlobals) = postSolution
		SolutionGuid = {4EB39A31-2C89-48DB-9453-BA0B5EC8CFE8}
	EndGlobalSection
EndGlobal
